
Microsoft Visual Studio Solution File, Format Version 10.00
# Visual Studio 2008
Project("{FAE04EC0-301F-11D3-BF4B-00C04F79EFBC}") = "GTMT_SOUND", "GTMT_SOUND\GTMT_SOUND.csproj", "{5B17B6C9-C147-4350-B151-2E2D7C67C91E}"
EndProject
Global
	GlobalSection(SolutionConfigurationPlatforms) = preSolution
		Debug|Any CPU = Debug|Any CPU
		Release|Any CPU = Release|Any CPU
	EndGlobalSection
	GlobalSection(ProjectConfigurationPlatforms) = postSolution
		{5B17B6C9-C147-4350-B151-2E2D7C67C91E}.Debug|Any CPU.ActiveCfg = Debug|Any CPU
		{5B17B6C9-C147-4350-B151-2E2D7C67C91E}.Debug|Any CPU.Build.0 = Debug|Any CPU
		{5B17B6C9-C147-4350-B151-2E2D7C67C91E}.Release|Any CPU.ActiveCfg = Release|Any CPU
		{5B17B6C9-C147-4350-B151-2E2D7C67C91E}.Release|Any CPU.Build.0 = Release|Any CPU
	EndGlobalSection
	GlobalSection(SolutionProperties) = preSolution
		HideSolutionNode = FALSE
	EndGlobalSection
EndGlobal
